
Microsoft Visual Studio Solution File, Format Version 12.00
# Visual Studio Version 17
VisualStudioVersion = 17.3.32929.385
MinimumVisualStudioVersion = 10.0.40219.1
Project("{FAE04EC0-301F-11D3-BF4B-00C04F79EFBC}") = "PurpleMoon", "PurpleMoon\PurpleMoon.csproj", "{170E4E28-259E-49A9-BE1A-A573999CD8FB}"
EndProject
Global
	GlobalSection(SolutionConfigurationPlatforms) = preSolution
		Debug|Any CPU = Debug|Any CPU
		Release|Any CPU = Release|Any CPU
	EndGlobalSection
	GlobalSection(ProjectConfigurationPlatforms) = postSolution
		{170E4E28-259E-49A9-BE1A-A573999CD8FB}.Debug|Any CPU.ActiveCfg = Debug|Any CPU
		{170E4E28-259E-49A9-BE1A-A573999CD8FB}.Debug|Any CPU.Build.0 = Debug|Any CPU
		{170E4E28-259E-49A9-BE1A-A573999CD8FB}.Release|Any CPU.ActiveCfg = Release|Any CPU
		{170E4E28-259E-49A9-BE1A-A573999CD8FB}.Release|Any CPU.Build.0 = Release|Any CPU
	EndGlobalSection
	GlobalSection(SolutionProperties) = preSolution
		HideSolutionNode = FALSE
	EndGlobalSection
	GlobalSection(ExtensibilityGlobals) = postSolution
		SolutionGuid = {85134BBC-F932-4CB3-A00F-831724E61DFB}
	EndGlobalSection
EndGlobal
